github.com/sfomuseum/go-bcbp v0.0.0-20250222022941-2340c6764b85 h1:y2d4v0NtYL1LebJaHsyb+EK1fuvKNi/ZXbKMwQJ5NEc=
github.com/sfomuseum/go-bcbp v0.0.0-20250222022941-2340c6764b85/go.mod h1:WlLHTbjqWyozKkoZQJezr0pogas4V8d/GHfpx2iEmFs=
github.com/skrushinsky/scaliger v0.0.4 h1:uKsSXAO/xc8aGsg3h5c462W61HK4rpoO0VO32VgWnbQ=
github.com/skrushinsky/scaliger v0.0.4/go.mod h1:H//Ka8z+A0+umExTOvDaUVJSfxPpcGIXCLzYdCGDU9Q=
